
Microsoft Visual Studio Solution File, Format Version 12.00
# Visual Studio 2015
Project("{FAE04EC0-301F-11D3-BF4B-00C04F79EFBC}") = "LowGravityLander-Finished", "LowGravityLander-Finished.csproj", "{610315D7-A0CD-789C-27ED-13BD5AFEEC9C}"
EndProject
Global
	GlobalSection(SolutionConfigurationPlatforms) = preSolution
		Debug|Any CPU = Debug|Any CPU
		Release|Any CPU = Release|Any CPU
	EndGlobalSection
	GlobalSection(ProjectConfigurationPlatforms) = postSolution
		{610315D7-A0CD-789C-27ED-13BD5AFEEC9C}.Debug|Any CPU.ActiveCfg = Debug|Any CPU
		{610315D7-A0CD-789C-27ED-13BD5AFEEC9C}.Debug|Any CPU.Build.0 = Debug|Any CPU
		{610315D7-A0CD-789C-27ED-13BD5AFEEC9C}.Release|Any CPU.ActiveCfg = Release|Any CPU
		{610315D7-A0CD-789C-27ED-13BD5AFEEC9C}.Release|Any CPU.Build.0 = Release|Any CPU
	EndGlobalSection
	GlobalSection(SolutionProperties) = preSolution
		HideSolutionNode = FALSE
	EndGlobalSection
EndGlobal
